{
  "name": "@drumline18/newproject",
  "version": "1.0.0",
  "lockfileVersion": 1,
  "requires": true,
  "dependencies": {
    "commander": {
      "version": "2.19.0",
      "resolved": "https://registry.npmjs.org/commander/-/commander-2.19.0.tgz",
      "integrity": "sha512-6tvAOO+D6OENvRAh524Dh9jcfKTYDQAqvqezbCW82xj5X0pSrcpxtvRKHLG0yBY6SD7PSDrJaj+0AiOcKVd1Xg=="
    },
    "lodash": {
      "version": "4.17.11",
      "resolved": "https://registry.npmjs.org/lodash/-/lodash-4.17.11.tgz",
      "integrity": "sha512-cQKh8igo5QUhZ7lg38DYWAxMvjSAKG0A8wGSVimP07SIUEK2UO+arSRKbRZWtelMtN5V0Hkwh5ryOto/SshYIg=="
    },
    "minimist": {
      "version": "1.2.0",
      "resolved": "https://registry.npmjs.org/minimist/-/minimist-1.2.0.tgz",
      "integrity": "sha1-o1AIsg9BOD7sH7kU9M1d95omQoQ="
    },
    "project-name-generator": {
      "version": "2.1.6",
      "resolved": "https://registry.npmjs.org/project-name-generator/-/project-name-generator-2.1.6.tgz",
      "integrity": "sha512-5r5MzHoNf7GTKg0V7zZvolpip5UAQiVpfcSN6QfEK8i/fSKlusJwxzEsKty9ce8h0e5GLoQ85dIGgV1TAnj3Kg==",
      "requires": {
        "commander": "^2.15.1",
        "lodash": "^4.17.10"
      }
    }
  }
}
